
Microsoft Visual Studio Solution File, Format Version 12.00
# Visual Studio Version 16
VisualStudioVersion = 16.0.30114.105
MinimumVisualStudioVersion = 10.0.40219.1
Project("{FAE04EC0-301F-11D3-BF4B-00C04F79EFBC}") = "FlockingBackend", "FlockingBackend\FlockingBackend.csproj", "{DA77C6F0-290B-4835-93B8-B311F3284F79}"
EndProject
Project("{FAE04EC0-301F-11D3-BF4B-00C04F79EFBC}") = "FlockingUnitTests", "FlockingUnitTests\FlockingUnitTests.csproj", "{458B4F34-B5DF-4401-A8A5-EE73CA866EC0}"
EndProject
Project("{FAE04EC0-301F-11D3-BF4B-00C04F79EFBC}") = "FlockingSimulation", "FlockingSimulation\FlockingSimulation.csproj", "{DA9B9DAB-E617-41BF-A5DE-6F79CDAB0F9A}"
EndProject
Global
	GlobalSection(SolutionConfigurationPlatforms) = preSolution
		Debug|Any CPU = Debug|Any CPU
		Debug|x64 = Debug|x64
		Debug|x86 = Debug|x86
		Release|Any CPU = Release|Any CPU
		Release|x64 = Release|x64
		Release|x86 = Release|x86
	EndGlobalSection
	GlobalSection(SolutionProperties) = preSolution
		HideSolutionNode = FALSE
	EndGlobalSection
	GlobalSection(ProjectConfigurationPlatforms) = postSolution
		{DA77C6F0-290B-4835-93B8-B311F3284F79}.Debug|Any CPU.ActiveCfg = Debug|Any CPU
		{DA77C6F0-290B-4835-93B8-B311F3284F79}.Debug|Any CPU.Build.0 = Debug|Any CPU
		{DA77C6F0-290B-4835-93B8-B311F3284F79}.Debug|x64.ActiveCfg = Debug|Any CPU
		{DA77C6F0-290B-4835-93B8-B311F3284F79}.Debug|x64.Build.0 = Debug|Any CPU
		{DA77C6F0-290B-4835-93B8-B311F3284F79}.Debug|x86.ActiveCfg = Debug|Any CPU
		{DA77C6F0-290B-4835-93B8-B311F3284F79}.Debug|x86.Build.0 = Debug|Any CPU
		{DA77C6F0-290B-4835-93B8-B311F3284F79}.Release|Any CPU.ActiveCfg = Release|Any CPU
		{DA77C6F0-290B-4835-93B8-B311F3284F79}.Release|Any CPU.Build.0 = Release|Any CPU
		{DA77C6F0-290B-4835-93B8-B311F3284F79}.Release|x64.ActiveCfg = Release|Any CPU
		{DA77C6F0-290B-4835-93B8-B311F3284F79}.Release|x64.Build.0 = Release|Any CPU
		{DA77C6F0-290B-4835-93B8-B311F3284F79}.Release|x86.ActiveCfg = Release|Any CPU
		{DA77C6F0-290B-4835-93B8-B311F3284F79}.Release|x86.Build.0 = Release|Any CPU
		{458B4F34-B5DF-4401-A8A5-EE73CA866EC0}.Debug|Any CPU.ActiveCfg = Debug|Any CPU
		{458B4F34-B5DF-4401-A8A5-EE73CA866EC0}.Debug|Any CPU.Build.0 = Debug|Any CPU
		{458B4F34-B5DF-4401-A8A5-EE73CA866EC0}.Debug|x64.ActiveCfg = Debug|Any CPU
		{458B4F34-B5DF-4401-A8A5-EE73CA866EC0}.Debug|x64.Build.0 = Debug|Any CPU
		{458B4F34-B5DF-4401-A8A5-EE73CA866EC0}.Debug|x86.ActiveCfg = Debug|Any CPU
		{458B4F34-B5DF-4401-A8A5-EE73CA866EC0}.Debug|x86.Build.0 = Debug|Any CPU
		{458B4F34-B5DF-4401-A8A5-EE73CA866EC0}.Release|Any CPU.ActiveCfg = Release|Any CPU
		{458B4F34-B5DF-4401-A8A5-EE73CA866EC0}.Release|Any CPU.Build.0 = Release|Any CPU
		{458B4F34-B5DF-4401-A8A5-EE73CA866EC0}.Release|x64.ActiveCfg = Release|Any CPU
		{458B4F34-B5DF-4401-A8A5-EE73CA866EC0}.Release|x64.Build.0 = Release|Any CPU
		{458B4F34-B5DF-4401-A8A5-EE73CA866EC0}.Release|x86.ActiveCfg = Release|Any CPU
		{458B4F34-B5DF-4401-A8A5-EE73CA866EC0}.Release|x86.Build.0 = Release|Any CPU
		{DA9B9DAB-E617-41BF-A5DE-6F79CDAB0F9A}.Debug|Any CPU.ActiveCfg = Debug|Any CPU
		{DA9B9DAB-E617-41BF-A5DE-6F79CDAB0F9A}.Debug|Any CPU.Build.0 = Debug|Any CPU
		{DA9B9DAB-E617-41BF-A5DE-6F79CDAB0F9A}.Debug|x64.ActiveCfg = Debug|Any CPU
		{DA9B9DAB-E617-41BF-A5DE-6F79CDAB0F9A}.Debug|x64.Build.0 = Debug|Any CPU
		{DA9B9DAB-E617-41BF-A5DE-6F79CDAB0F9A}.Debug|x86.ActiveCfg = Debug|Any CPU
		{DA9B9DAB-E617-41BF-A5DE-6F79CDAB0F9A}.Debug|x86.Build.0 = Debug|Any CPU
		{DA9B9DAB-E617-41BF-A5DE-6F79CDAB0F9A}.Release|Any CPU.ActiveCfg = Release|Any CPU
		{DA9B9DAB-E617-41BF-A5DE-6F79CDAB0F9A}.Release|Any CPU.Build.0 = Release|Any CPU
		{DA9B9DAB-E617-41BF-A5DE-6F79CDAB0F9A}.Release|x64.ActiveCfg = Release|Any CPU
		{DA9B9DAB-E617-41BF-A5DE-6F79CDAB0F9A}.Release|x64.Build.0 = Release|Any CPU
		{DA9B9DAB-E617-41BF-A5DE-6F79CDAB0F9A}.Release|x86.ActiveCfg = Release|Any CPU
		{DA9B9DAB-E617-41BF-A5DE-6F79CDAB0F9A}.Release|x86.Build.0 = Release|Any CPU
	EndGlobalSection
EndGlobal
